// !$*UTF8*$!
{
	archiveVersion = 1;
	classes = {
	};
	objectVersion = 46;
	objects = {

/* Begin PBXBuildFile section */
		6398779D1B5E1A36001A2FE1 /* main.m in Sources */ = {isa = PBXBuildFile; fileRef = 6398779C1B5E1A36001A2FE1 /* main.m */; };
		639877A01B5E1A36001A2FE1 /* AppDelegate.m in Sources */ = {isa = PBXBuildFile; fileRef = 6398779F1B5E1A36001A2FE1 /* AppDelegate.m */; };
		639877A31B5E1A36001A2FE1 /* ViewController.m in Sources */ = {isa = PBXBuildFile; fileRef = 639877A21B5E1A36001A2FE1 /* ViewController.m */; };
		639877A61B5E1A36001A2FE1 /* Main.storyboard in Resources */ = {isa = PBXBuildFile; fileRef = 639877A41B5E1A36001A2FE1 /* Main.storyboard */; };
		639877A81B5E1A36001A2FE1 /* Assets.xcassets in Resources */ = {isa = PBXBuildFile; fileRef = 639877A71B5E1A36001A2FE1 /* Assets.xcassets */; };
		639877AB1B5E1A36001A2FE1 /* LaunchScreen.storyboard in Resources */ = {isa = PBXBuildFile; fileRef = 639877A91B5E1A36001A2FE1 /* LaunchScreen.storyboard */; };
		639877B61B5E1A36001A2FE1 /* GGCacheTests.m in Sources */ = {isa = PBXBuildFile; fileRef = 639877B51B5E1A36001A2FE1 /* GGCacheTests.m */; };
		639877C11B5E1A36001A2FE1 /* GGCacheUITests.m in Sources */ = {isa = PBXBuildFile; fileRef = 639877C01B5E1A36001A2FE1 /* GGCacheUITests.m */; };
/* End PBXBuildFile section */

/* Begin PBXContainerItemProxy section */
		639877B21B5E1A36001A2FE1 /* PBXContainerItemProxy */ = {
			isa = PBXContainerItemProxy;
			containerPortal = 639877901B5E1A35001A2FE1 /* Project object */;
			proxyType = 1;
			remoteGlobalIDString = 639877971B5E1A35001A2FE1;
			remoteInfo = GGCache;
		};
		639877BD1B5E1A36001A2FE1 /* PBXContainerItemProxy */ = {
			isa = PBXContainerItemProxy;
			containerPortal = 639877901B5E1A35001A2FE1 /* Project object */;
			proxyType = 1;
			remoteGlobalIDString = 639877971B5E1A35001A2FE1;
			remoteInfo = GGCache;
		};
/* End PBXContainerItemProxy section */

/* Begin PBXFileReference section */
		639877981B5E1A36001A2FE1 /* GGCache.app */ = {isa = PBXFileReference; explicitFileType = wrapper.application; includeInIndex = 0; path = GGCache.app; sourceTree = BUILT_PRODUCTS_DIR; };
		6398779C1B5E1A36001A2FE1 /* main.m */ = {isa = PBXFileReference; lastKnownFileType = sourcecode.c.objc; path = main.m; sourceTree = "<group>"; };
		6398779E1B5E1A36001A2FE1 /* AppDelegate.h */ = {isa = PBXFileReference; lastKnownFileType = sourcecode.c.h; path = AppDelegate.h; sourceTree = "<group>"; };
		6398779F1B5E1A36001A2FE1 /* AppDelegate.m */ = {isa = PBXFileReference; lastKnownFileType = sourcecode.c.objc; path = AppDelegate.m; sourceTree = "<group>"; };
		639877A11B5E1A36001A2FE1 /* ViewController.h */ = {isa = PBXFileReference; lastKnownFileType = sourcecode.c.h; path = ViewController.h; sourceTree = "<group>"; };
		639877A21B5E1A36001A2FE1 /* ViewController.m */ = {isa = PBXFileReference; lastKnownFileType = sourcecode.c.objc; path = ViewController.m; sourceTree = "<group>"; };
		639877A51B5E1A36001A2FE1 /* Base */ = {isa = PBXFileReference; lastKnownFileType = file.storyboard; name = Base; path = Base.lproj/Main.storyboard; sourceTree = "<group>"; };
		639877A71B5E1A36001A2FE1 /* Assets.xcassets */ = {isa = PBXFileReference; lastKnownFileType = folder.assetcatalog; path = Assets.xcassets; sourceTree = "<group>"; };
		639877AA1B5E1A36001A2FE1 /* Base */ = {isa = PBXFileReference; lastKnownFileType = file.storyboard; name = Base; path = Base.lproj/LaunchScreen.storyboard; sourceTree = "<group>"; };
		639877AC1B5E1A36001A2FE1 /* Info.plist */ = {isa = PBXFileReference; lastKnownFileType = text.plist.xml; path = Info.plist; sourceTree = "<group>"; };
		639877B11B5E1A36001A2FE1 /* GGCacheTests.xctest */ = {isa = PBXFileReference; explicitFileType = wrapper.cfbundle; includeInIndex = 0; path = GGCacheTests.xctest; sourceTree = BUILT_PRODUCTS_DIR; };
		639877B51B5E1A36001A2FE1 /* GGCacheTests.m */ = {isa = PBXFileReference; lastKnownFileType = sourcecode.c.objc; path = GGCacheTests.m; sourceTree = "<group>"; };
		639877B71B5E1A36001A2FE1 /* Info.plist */ = {isa = PBXFileReference; lastKnownFileType = text.plist.xml; path = Info.plist; sourceTree = "<group>"; };
		639877BC1B5E1A36001A2FE1 /* GGCacheUITests.xctest */ = {isa = PBXFileReference; explicitFileType = wrapper.cfbundle; includeInIndex = 0; path = GGCacheUITests.xctest; sourceTree = BUILT_PRODUCTS_DIR; };
		639877C01B5E1A36001A2FE1 /* GGCacheUITests.m */ = {isa = PBXFileReference; lastKnownFileType = sourcecode.c.objc; path = GGCacheUITests.m; sourceTree = "<group>"; };
		639877C21B5E1A36001A2FE1 /* Info.plist */ = {isa = PBXFileReference; lastKnownFileType = text.plist.xml; path = Info.plist; sourceTree = "<group>"; };
/* End PBXFileReference section */

/* Begin PBXFrameworksBuildPhase section */
		639877951B5E1A35001A2FE1 /* Frameworks */ = {
			isa = PBXFrameworksBuildPhase;
			buildActionMask = 2147483647;
			files = (
			);
			runOnlyForDeploymentPostprocessing = 0;
		};
		639877AE1B5E1A36001A2FE1 /* Frameworks */ = {
			isa = PBXFrameworksBuildPhase;
			buildActionMask = 2147483647;
			files = (
			);
			runOnlyForDeploymentPostprocessing = 0;
		};
		639877B91B5E1A36001A2FE1 /* Frameworks */ = {
			isa = PBXFrameworksBuildPhase;
			buildActionMask = 2147483647;
			files = (
			);
			runOnlyForDeploymentPostprocessing = 0;
		};
/* End PBXFrameworksBuildPhase section */

/* Begin PBXGroup section */
		6398778F1B5E1A35001A2FE1 = {
			isa = PBXGroup;
			children = (
				6398779A1B5E1A36001A2FE1 /* GGCache */,
				639877B41B5E1A36001A2FE1 /* GGCacheTests */,
				639877BF1B5E1A36001A2FE1 /* GGCacheUITests */,
				639877991B5E1A36001A2FE1 /* Products */,
			);
			sourceTree = "<group>";
		};
		639877991B5E1A36001A2FE1 /* Products */ = {
			isa = PBXGroup;
			children = (
				639877981B5E1A36001A2FE1 /* GGCache.app */,
				639877B11B5E1A36001A2FE1 /* GGCacheTests.xctest */,
				639877BC1B5E1A36001A2FE1 /* GGCacheUITests.xctest */,
			);
			name = Products;
			sourceTree = "<group>";
		};
		6398779A1B5E1A36001A2FE1 /* GGCache */ = {
			isa = PBXGroup;
			children = (
				6398779E1B5E1A36001A2FE1 /* AppDelegate.h */,
				6398779F1B5E1A36001A2FE1 /* AppDelegate.m */,
				639877A11B5E1A36001A2FE1 /* ViewController.h */,
				639877A21B5E1A36001A2FE1 /* ViewController.m */,
				639877A41B5E1A36001A2FE1 /* Main.storyboard */,
				639877A71B5E1A36001A2FE1 /* Assets.xcassets */,
				639877A91B5E1A36001A2FE1 /* LaunchScreen.storyboard */,
				639877AC1B5E1A36001A2FE1 /* Info.plist */,
				6398779B1B5E1A36001A2FE1 /* Supporting Files */,
			);
			path = GGCache;
			sourceTree = "<group>";
		};
		6398779B1B5E1A36001A2FE1 /* Supporting Files */ = {
			isa = PBXGroup;
			children = (
				6398779C1B5E1A36001A2FE1 /* main.m */,
			);
			name = "Supporting Files";
			sourceTree = "<group>";
		};
		639877B41B5E1A36001A2FE1 /* GGCacheTests */ = {
			isa = PBXGroup;
			children = (
				639877B51B5E1A36001A2FE1 /* GGCacheTests.m */,
				639877B71B5E1A36001A2FE1 /* Info.plist */,
			);
			path = GGCacheTests;
			sourceTree = "<group>";
		};
		639877BF1B5E1A36001A2FE1 /* GGCacheUITests */ = {
			isa = PBXGroup;
			children = (
				639877C01B5E1A36001A2FE1 /* GGCacheUITests.m */,
				639877C21B5E1A36001A2FE1 /* Info.plist */,
			);
			path = GGCacheUITests;
			sourceTree = "<group>";
		};
/* End PBXGroup section */

/* Begin PBXNativeTarget section */
		639877971B5E1A35001A2FE1 /* GGCache */ = {
			isa = PBXNativeTarget;
			buildConfigurationList = 639877C51B5E1A36001A2FE1 /* Build configuration list for PBXNativeTarget "GGCache" */;
			buildPhases = (
				639877941B5E1A35001A2FE1 /* Sources */,
				639877951B5E1A35001A2FE1 /* Frameworks */,
				639877961B5E1A35001A2FE1 /* Resources */,
			);
			buildRules = (
			);
			dependencies = (
			);
			name = GGCache;
			productName = GGCache;
			productReference = 639877981B5E1A36001A2FE1 /* GGCache.app */;
			productType = "com.apple.product-type.application";
		};
		639877B01B5E1A36001A2FE1 /* GGCacheTests */ = {
			isa = PBXNativeTarget;
			buildConfigurationList = 639877C81B5E1A36001A2FE1 /* Build configuration list for PBXNativeTarget "GGCacheTests" */;
			buildPhases = (
				639877AD1B5E1A36001A2FE1 /* Sources */,
				639877AE1B5E1A36001A2FE1 /* Frameworks */,
				639877AF1B5E1A36001A2FE1 /* Resources */,
			);
			buildRules = (
			);
			dependencies = (
				639877B31B5E1A36001A2FE1 /* PBXTargetDependency */,
			);
			name = GGCacheTests;
			productName = GGCacheTests;
			productReference = 639877B11B5E1A36001A2FE1 /* GGCacheTests.xctest */;
			productType = "com.apple.product-type.bundle.unit-test";
		};
		639877BB1B5E1A36001A2FE1 /* GGCacheUITests */ = {
			isa = PBXNativeTarget;
			buildConfigurationList = 639877CB1B5E1A36001A2FE1 /* Build configuration list for PBXNativeTarget "GGCacheUITests" */;
			buildPhases = (
				639877B81B5E1A36001A2FE1 /* Sources */,
				639877B91B5E1A36001A2FE1 /* Frameworks */,
				639877BA1B5E1A36001A2FE1 /* Resources */,
			);
			buildRules = (
			);
			dependencies = (
				639877BE1B5E1A36001A2FE1 /* PBXTargetDependency */,
			);
			name = GGCacheUITests;
			productName = GGCacheUITests;
			productReference = 639877BC1B5E1A36001A2FE1 /* GGCacheUITests.xctest */;
			productType = "com.apple.product-type.bundle.ui-testing";
		};
/* End PBXNativeTarget section */

/* Begin PBXProject section */
		639877901B5E1A35001A2FE1 /* Project object */ = {
			isa = PBXProject;
			attributes = {
				LastUpgradeCheck = 0700;
				ORGANIZATIONNAME = "__无邪_";
				TargetAttributes = {
					639877971B5E1A35001A2FE1 = {
						CreatedOnToolsVersion = 7.0;
					};
					639877B01B5E1A36001A2FE1 = {
						CreatedOnToolsVersion = 7.0;
						TestTargetID = 639877971B5E1A35001A2FE1;
					};
					639877BB1B5E1A36001A2FE1 = {
						CreatedOnToolsVersion = 7.0;
						TestTargetID = 639877971B5E1A35001A2FE1;
					};
				};
			};
			buildConfigurationList = 639877931B5E1A35001A2FE1 /* Build configuration list for PBXProject "GGCache" */;
			compatibilityVersion = "Xcode 3.2";
			developmentRegion = English;
			hasScannedForEncodings = 0;
			knownRegions = (
				en,
				Base,
			);
			mainGroup = 6398778F1B5E1A35001A2FE1;
			productRefGroup = 639877991B5E1A36001A2FE1 /* Products */;
			projectDirPath = "";
			projectRoot = "";
			targets = (
				639877971B5E1A35001A2FE1 /* GGCache */,
				639877B01B5E1A36001A2FE1 /* GGCacheTests */,
				639877BB1B5E1A36001A2FE1 /* GGCacheUITests */,
			);
		};
/* End PBXProject section */

/* Begin PBXResourcesBuildPhase section */
		639877961B5E1A35001A2FE1 /* Resources */ = {
			isa = PBXResourcesBuildPhase;
			buildActionMask = 2147483647;
			files = (
				639877AB1B5E1A36001A2FE1 /* LaunchScreen.storyboard in Resources */,
				639877A81B5E1A36001A2FE1 /* Assets.xcassets in Resources */,
				639877A61B5E1A36001A2FE1 /* Main.storyboard in Resources */,
			);
			runOnlyForDeploymentPostprocessing = 0;
		};
		639877AF1B5E1A36001A2FE1 /* Resources */ = {
			isa = PBXResourcesBuildPhase;
			buildActionMask = 2147483647;
			files = (
			);
			runOnlyForDeploymentPostprocessing = 0;
		};
		639877BA1B5E1A36001A2FE1 /* Resources */ = {
			isa = PBXResourcesBuildPhase;
			buildActionMask = 2147483647;
			files = (
			);
			runOnlyForDeploymentPostprocessing = 0;
		};
/* End PBXResourcesBuildPhase section */

/* Begin PBXSourcesBuildPhase section */
		639877941B5E1A35001A2FE1 /* Sources */ = {
			isa = PBXSourcesBuildPhase;
			buildActionMask = 2147483647;
			files = (
				639877A31B5E1A36001A2FE1 /* ViewController.m in Sources */,
				639877A01B5E1A36001A2FE1 /* AppDelegate.m in Sources */,
				6398779D1B5E1A36001A2FE1 /* main.m in Sources */,
			);
			runOnlyForDeploymentPostprocessing = 0;
		};
		639877AD1B5E1A36001A2FE1 /* Sources */ = {
			isa = PBXSourcesBuildPhase;
			buildActionMask = 2147483647;
			files = (
				639877B61B5E1A36001A2FE1 /* GGCacheTests.m in Sources */,
			);
			runOnlyForDeploymentPostprocessing = 0;
		};
		639877B81B5E1A36001A2FE1 /* Sources */ = {
			isa = PBXSourcesBuildPhase;
			buildActionMask = 2147483647;
			files = (
				639877C11B5E1A36001A2FE1 /* GGCacheUITests.m in Sources */,
			);
			runOnlyForDeploymentPostprocessing = 0;
		};
/* End PBXSourcesBuildPhase section */

/* Begin PBXTargetDependency section */
		639877B31B5E1A36001A2FE1 /* PBXTargetDependency */ = {
			isa = PBXTargetDependency;
			target = 639877971B5E1A35001A2FE1 /* GGCache */;
			targetProxy = 639877B21B5E1A36001A2FE1 /* PBXContainerItemProxy */;
		};
		639877BE1B5E1A36001A2FE1 /* PBXTargetDependency */ = {
			isa = PBXTargetDependency;
			target = 639877971B5E1A35001A2FE1 /* GGCache */;
			targetProxy = 639877BD1B5E1A36001A2FE1 /* PBXContainerItemProxy */;
		};
/* End PBXTargetDependency section */

/* Begin PBXVariantGroup section */
		639877A41B5E1A36001A2FE1 /* Main.storyboard */ = {
			isa = PBXVariantGroup;
			children = (
				639877A51B5E1A36001A2FE1 /* Base */,
			);
			name = Main.storyboard;
			sourceTree = "<group>";
		};
		639877A91B5E1A36001A2FE1 /* LaunchScreen.storyboard */ = {
			isa = PBXVariantGroup;
			children = (
				639877AA1B5E1A36001A2FE1 /* Base */,
			);
			name = LaunchScreen.storyboard;
			sourceTree = "<group>";
		};
/* End PBXVariantGroup section */

/* Begin XCBuildConfiguration section */
		639877C31B5E1A36001A2FE1 /* Debug */ = {
			isa = XCBuildConfiguration;
			buildSettings = {
				ALWAYS_SEARCH_USER_PATHS = NO;
				CLANG_CXX_LANGUAGE_STANDARD = "gnu++0x";
				CLANG_CXX_LIBRARY = "libc++";
				CLANG_ENABLE_MODULES = YES;
				CLANG_ENABLE_OBJC_ARC = YES;
				CLANG_WARN_BOOL_CONVERSION = YES;
				CLANG_WARN_CONSTANT_CONVERSION = YES;
				CLANG_WARN_DIRECT_OBJC_ISA_USAGE = YES_ERROR;
				CLANG_WARN_EMPTY_BODY = YES;
				CLANG_WARN_ENUM_CONVERSION = YES;
				CLANG_WARN_INT_CONVERSION = YES;
				CLANG_WARN_OBJC_ROOT_CLASS = YES_ERROR;
				CLANG_WARN_UNREACHABLE_CODE = YES;
				CLANG_WARN__DUPLICATE_METHOD_MATCH = YES;
				"CODE_SIGN_IDENTITY[sdk=iphoneos*]" = "iPhone Developer";
				COPY_PHASE_STRIP = NO;
				DEBUG_INFORMATION_FORMAT = dwarf;
				ENABLE_STRICT_OBJC_MSGSEND = YES;
				ENABLE_TESTABILITY = YES;
				GCC_C_LANGUAGE_STANDARD = gnu99;
				GCC_DYNAMIC_NO_PIC = NO;
				GCC_NO_COMMON_BLOCKS = YES;
				GCC_OPTIMIZATION_LEVEL = 0;
				GCC_PREPROCESSOR_DEFINITIONS = (
					"DEBUG=1",
					"$(inherited)",
				);
				GCC_WARN_64_TO_32_BIT_CONVERSION = YES;
				GCC_WARN_ABOUT_RETURN_TYPE = YES_ERROR;
				GCC_WARN_UNDECLARED_SELECTOR = YES;
				GCC_WARN_UNINITIALIZED_AUTOS = YES_AGGRESSIVE;
				GCC_WARN_UNUSED_FUNCTION = YES;
				GCC_WARN_UNUSED_VARIABLE = YES;
				IPHONEOS_DEPLOYMENT_TARGET = 9.0;
				MTL_ENABLE_DEBUG_INFO = YES;
				ONLY_ACTIVE_ARCH = YES;
				SDKROOT = iphoneos;
				TARGETED_DEVICE_FAMILY = "1,2";
			};
			name = Debug;
		};
		639877C41B5E1A36001A2FE1 /* Release */ = {
			isa = XCBuildConfiguration;
			buildSettings = {
				ALWAYS_SEARCH_USER_PATHS = NO;
				CLANG_CXX_LANGUAGE_STANDARD = "gnu++0x";
				CLANG_CXX_LIBRARY = "libc++";
				CLANG_ENABLE_MODULES = YES;
				CLANG_ENABLE_OBJC_ARC = YES;
				CLANG_WARN_BOOL_CONVERSION = YES;
				CLANG_WARN_CONSTANT_CONVERSION = YES;
				CLANG_WARN_DIRECT_OBJC_ISA_USAGE = YES_ERROR;
				CLANG_WARN_EMPTY_BODY = YES;
				CLANG_WARN_ENUM_CONVERSION = YES;
				CLANG_WARN_INT_CONVERSION = YES;
				CLANG_WARN_OBJC_ROOT_CLASS = YES_ERROR;
				CLANG_WARN_UNREACHABLE_CODE = YES;
				CLANG_WARN__DUPLICATE_METHOD_MATCH = YES;
				"CODE_SIGN_IDENTITY[sdk=iphoneos*]" = "iPhone Developer";
				COPY_PHASE_STRIP = NO;
				DEBUG_INFORMATION_FORMAT = "dwarf-with-dsym";
				ENABLE_NS_ASSERTIONS = NO;
				ENABLE_STRICT_OBJC_MSGSEND = YES;
				GCC_C_LANGUAGE_STANDARD = gnu99;
				GCC_NO_COMMON_BLOCKS = YES;
				GCC_WARN_64_TO_32_BIT_CONVERSION = YES;
				GCC_WARN_ABOUT_RETURN_TYPE = YES_ERROR;
				GCC_WARN_UNDECLARED_SELECTOR = YES;
				GCC_WARN_UNINITIALIZED_AUTOS = YES_AGGRESSIVE;
				GCC_WARN_UNUSED_FUNCTION = YES;
				GCC_WARN_UNUSED_VARIABLE = YES;
				IPHONEOS_DEPLOYMENT_TARGET = 9.0;
				MTL_ENABLE_DEBUG_INFO = NO;
				SDKROOT = iphoneos;
				TARGETED_DEVICE_FAMILY = "1,2";
				VALIDATE_PRODUCT = YES;
			};
			name = Release;
		};
		639877C61B5E1A36001A2FE1 /* Debug */ = {
			isa = XCBuildConfiguration;
			buildSettings = {
				ASSETCATALOG_COMPILER_APPICON_NAME = AppIcon;
				INFOPLIST_FILE = GGCache/Info.plist;
				LD_RUNPATH_SEARCH_PATHS = "$(inherited) @executable_path/Frameworks";
				PRODUCT_BUNDLE_IDENTIFIER = otherplayer.GGCache;
				PRODUCT_NAME = "$(TARGET_NAME)";
			};
			name = Debug;
		};
		639877C71B5E1A36001A2FE1 /* Release */ = {
			isa = XCBuildConfiguration;
			buildSettings = {
				ASSETCATALOG_COMPILER_APPICON_NAME = AppIcon;
				INFOPLIST_FILE = GGCache/Info.plist;
				LD_RUNPATH_SEARCH_PATHS = "$(inherited) @executable_path/Frameworks";
				PRODUCT_BUNDLE_IDENTIFIER = otherplayer.GGCache;
				PRODUCT_NAME = "$(TARGET_NAME)";
			};
			name = Release;
		};
		639877C91B5E1A36001A2FE1 /* Debug */ = {
			isa = XCBuildConfiguration;
			buildSettings = {
				BUNDLE_LOADER = "$(TEST_HOST)";
				INFOPLIST_FILE = GGCacheTests/Info.plist;
				LD_RUNPATH_SEARCH_PATHS = "$(inherited) @executable_path/Frameworks @loader_path/Frameworks";
				PRODUCT_BUNDLE_IDENTIFIER = otherplayer.GGCacheTests;
				PRODUCT_NAME = "$(TARGET_NAME)";
				TEST_HOST = "$(BUILT_PRODUCTS_DIR)/GGCache.app/GGCache";
			};
			name = Debug;
		};
		639877CA1B5E1A36001A2FE1 /* Release */ = {
			isa = XCBuildConfiguration;
			buildSettings = {
				BUNDLE_LOADER = "$(TEST_HOST)";
				INFOPLIST_FILE = GGCacheTests/Info.plist;
				LD_RUNPATH_SEARCH_PATHS = "$(inherited) @executable_path/Frameworks @loader_path/Frameworks";
				PRODUCT_BUNDLE_IDENTIFIER = otherplayer.GGCacheTests;
				PRODUCT_NAME = "$(TARGET_NAME)";
				TEST_HOST = "$(BUILT_PRODUCTS_DIR)/GGCache.app/GGCache";
			};
			name = Release;
		};
		639877CC1B5E1A36001A2FE1 /* Debug */ = {
			isa = XCBuildConfiguration;
			buildSettings = {
				INFOPLIST_FILE = GGCacheUITests/Info.plist;
				LD_RUNPATH_SEARCH_PATHS = "$(inherited) @executable_path/Frameworks @loader_path/Frameworks";
				PRODUCT_BUNDLE_IDENTIFIER = otherplayer.GGCacheUITests;
				PRODUCT_NAME = "$(TARGET_NAME)";
				TEST_TARGET_NAME = GGCache;
				USES_XCTRUNNER = YES;
			};
			name = Debug;
		};
		639877CD1B5E1A36001A2FE1 /* Release */ = {
			isa = XCBuildConfiguration;
			buildSettings = {
				INFOPLIST_FILE = GGCacheUITests/Info.plist;
				LD_RUNPATH_SEARCH_PATHS = "$(inherited) @executable_path/Frameworks @loader_path/Frameworks";
				PRODUCT_BUNDLE_IDENTIFIER = otherplayer.GGCacheUITests;
				PRODUCT_NAME = "$(TARGET_NAME)";
				TEST_TARGET_NAME = GGCache;
				USES_XCTRUNNER = YES;
			};
			name = Release;
		};
/* End XCBuildConfiguration section */

/* Begin XCConfigurationList section */
		639877931B5E1A35001A2FE1 /* Build configuration list for PBXProject "GGCache" */ = {
			isa = XCConfigurationList;
			buildConfigurations = (
				639877C31B5E1A36001A2FE1 /* Debug */,
				639877C41B5E1A36001A2FE1 /* Release */,
			);
			defaultConfigurationIsVisible = 0;
			defaultConfigurationName = Release;
		};
		639877C51B5E1A36001A2FE1 /* Build configuration list for PBXNativeTarget "GGCache" */ = {
			isa = XCConfigurationList;
			buildConfigurations = (
				639877C61B5E1A36001A2FE1 /* Debug */,
				639877C71B5E1A36001A2FE1 /* Release */,
			);
			defaultConfigurationIsVisible = 0;
		};
		639877C81B5E1A36001A2FE1 /* Build configuration list for PBXNativeTarget "GGCacheTests" */ = {
			isa = XCConfigurationList;
			buildConfigurations = (
				639877C91B5E1A36001A2FE1 /* Debug */,
				639877CA1B5E1A36001A2FE1 /* Release */,
			);
			defaultConfigurationIsVisible = 0;
		};
		639877CB1B5E1A36001A2FE1 /* Build configuration list for PBXNativeTarget "GGCacheUITests" */ = {
			isa = XCConfigurationList;
			buildConfigurations = (
				639877CC1B5E1A36001A2FE1 /* Debug */,
				639877CD1B5E1A36001A2FE1 /* Release */,
			);
			defaultConfigurationIsVisible = 0;
		};
/* End XCConfigurationList section */
	};
	rootObject = 639877901B5E1A35001A2FE1 /* Project object */;
}
